
Microsoft Visual Studio Solution File, Format Version 12.00
# Visual Studio Version 17
VisualStudioVersion = 17.0.31903.59
MinimumVisualStudioVersion = 10.0.40219.1
Project("{9A19103F-16F7-4668-BE54-9A1E7A4F7556}") = "AppCore", "AppCore\AppCore.csproj", "{8FA748F8-F02A-4E19-BEE5-5FC04D68BDD1}"
EndProject
Project("{9A19103F-16F7-4668-BE54-9A1E7A4F7556}") = "AppDomain", "AppDomain\AppDomain.csproj", "{C62FB504-60F5-4CA5-847C-0138A85988E1}"
EndProject
Project("{9A19103F-16F7-4668-BE54-9A1E7A4F7556}") = "AppInfrastructure", "AppInfrastructure\AppInfrastructure.csproj", "{F6F4865E-FB3D-48B1-A6BD-F222AA7D26D8}"
EndProject
Project("{9A19103F-16F7-4668-BE54-9A1E7A4F7556}") = "AppPersistence", "AppPersistence\AppPersistence.csproj", "{28843423-B622-48F2-B452-DE54B83990E9}"
EndProject
Project("{9A19103F-16F7-4668-BE54-9A1E7A4F7556}") = "Server", "Server\Server.csproj", "{5BC74229-11A2-4CA8-A80C-EEFCF4F05641}"
EndProject
Global
	GlobalSection(SolutionConfigurationPlatforms) = preSolution
		Debug|Any CPU = Debug|Any CPU
		Release|Any CPU = Release|Any CPU
	EndGlobalSection
	GlobalSection(ProjectConfigurationPlatforms) = postSolution
		{8FA748F8-F02A-4E19-BEE5-5FC04D68BDD1}.Debug|Any CPU.ActiveCfg = Debug|Any CPU
		{8FA748F8-F02A-4E19-BEE5-5FC04D68BDD1}.Debug|Any CPU.Build.0 = Debug|Any CPU
		{8FA748F8-F02A-4E19-BEE5-5FC04D68BDD1}.Release|Any CPU.ActiveCfg = Release|Any CPU
		{8FA748F8-F02A-4E19-BEE5-5FC04D68BDD1}.Release|Any CPU.Build.0 = Release|Any CPU
		{C62FB504-60F5-4CA5-847C-0138A85988E1}.Debug|Any CPU.ActiveCfg = Debug|Any CPU
		{C62FB504-60F5-4CA5-847C-0138A85988E1}.Debug|Any CPU.Build.0 = Debug|Any CPU
		{C62FB504-60F5-4CA5-847C-0138A85988E1}.Release|Any CPU.ActiveCfg = Release|Any CPU
		{C62FB504-60F5-4CA5-847C-0138A85988E1}.Release|Any CPU.Build.0 = Release|Any CPU
		{F6F4865E-FB3D-48B1-A6BD-F222AA7D26D8}.Debug|Any CPU.ActiveCfg = Debug|Any CPU
		{F6F4865E-FB3D-48B1-A6BD-F222AA7D26D8}.Debug|Any CPU.Build.0 = Debug|Any CPU
		{F6F4865E-FB3D-48B1-A6BD-F222AA7D26D8}.Release|Any CPU.ActiveCfg = Release|Any CPU
		{F6F4865E-FB3D-48B1-A6BD-F222AA7D26D8}.Release|Any CPU.Build.0 = Release|Any CPU
		{28843423-B622-48F2-B452-DE54B83990E9}.Debug|Any CPU.ActiveCfg = Debug|Any CPU
		{28843423-B622-48F2-B452-DE54B83990E9}.Debug|Any CPU.Build.0 = Debug|Any CPU
		{28843423-B622-48F2-B452-DE54B83990E9}.Release|Any CPU.ActiveCfg = Release|Any CPU
		{28843423-B622-48F2-B452-DE54B83990E9}.Release|Any CPU.Build.0 = Release|Any CPU
		{5BC74229-11A2-4CA8-A80C-EEFCF4F05641}.Debug|Any CPU.ActiveCfg = Debug|Any CPU
		{5BC74229-11A2-4CA8-A80C-EEFCF4F05641}.Debug|Any CPU.Build.0 = Debug|Any CPU
		{5BC74229-11A2-4CA8-A80C-EEFCF4F05641}.Release|Any CPU.ActiveCfg = Release|Any CPU
		{5BC74229-11A2-4CA8-A80C-EEFCF4F05641}.Release|Any CPU.Build.0 = Release|Any CPU
	EndGlobalSection
	GlobalSection(SolutionProperties) = preSolution
		HideSolutionNode = FALSE
	EndGlobalSection
EndGlobal
